
Microsoft Visual Studio Solution File, Format Version 12.00
# Visual Studio Version 18
VisualStudioVersion = 18.0.11205.157
MinimumVisualStudioVersion = 10.0.40219.1
Project("{FAE04EC0-301F-11D3-BF4B-00C04F79EFBC}") = "Ink_Canvas_Better.Logging", "Ink_Canvas_Better.Logging\Ink_Canvas_Better.Logging.csproj", "{4EF1B8F0-2EF2-7EBE-7C7E-7F5090F1843C}"
EndProject
Project("{2150E333-8FDC-42A3-9474-1A3956D46DE8}") = "Solution Items", "Solution Items", "{02EA681E-C7D8-13C7-8484-4AC65E1B71E8}"
	ProjectSection(SolutionItems) = preProject
		.editorconfig = .editorconfig
	EndProjectSection
EndProject
Project("{2150E333-8FDC-42A3-9474-1A3956D46DE8}") = "tools", "tools", "{5189581F-9FDF-4F89-AA6E-0426FA71EA76}"
EndProject
Project("{2150E333-8FDC-42A3-9474-1A3956D46DE8}") = "workflows", "workflows", "{47B35A8E-D3C5-4255-8E83-A3403B59B86D}"
	ProjectSection(SolutionItems) = preProject
		.github\workflows\dotnet-desktop.yml = .github\workflows\dotnet-desktop.yml
	EndProjectSection
EndProject
Project("{FAE04EC0-301F-11D3-BF4B-00C04F79EFBC}") = "Ink_Canvas_Better", "Ink_Canvas_Better\Ink_Canvas_Better.csproj", "{B876A55B-F175-4F9F-87A8-999F33A26324}"
EndProject
Global
	GlobalSection(SolutionConfigurationPlatforms) = preSolution
		Debug|Any CPU = Debug|Any CPU
		Release|Any CPU = Release|Any CPU
	EndGlobalSection
	GlobalSection(ProjectConfigurationPlatforms) = postSolution
		{4EF1B8F0-2EF2-7EBE-7C7E-7F5090F1843C}.Debug|Any CPU.ActiveCfg = Debug|Any CPU
		{4EF1B8F0-2EF2-7EBE-7C7E-7F5090F1843C}.Debug|Any CPU.Build.0 = Debug|Any CPU
		{4EF1B8F0-2EF2-7EBE-7C7E-7F5090F1843C}.Release|Any CPU.ActiveCfg = Release|Any CPU
		{4EF1B8F0-2EF2-7EBE-7C7E-7F5090F1843C}.Release|Any CPU.Build.0 = Release|Any CPU
		{B876A55B-F175-4F9F-87A8-999F33A26324}.Debug|Any CPU.ActiveCfg = Debug|Any CPU
		{B876A55B-F175-4F9F-87A8-999F33A26324}.Debug|Any CPU.Build.0 = Debug|Any CPU
		{B876A55B-F175-4F9F-87A8-999F33A26324}.Release|Any CPU.ActiveCfg = Release|Any CPU
		{B876A55B-F175-4F9F-87A8-999F33A26324}.Release|Any CPU.Build.0 = Release|Any CPU
	EndGlobalSection
	GlobalSection(SolutionProperties) = preSolution
		HideSolutionNode = FALSE
	EndGlobalSection
	GlobalSection(NestedProjects) = preSolution
		{5189581F-9FDF-4F89-AA6E-0426FA71EA76} = {02EA681E-C7D8-13C7-8484-4AC65E1B71E8}
		{47B35A8E-D3C5-4255-8E83-A3403B59B86D} = {02EA681E-C7D8-13C7-8484-4AC65E1B71E8}
	EndGlobalSection
	GlobalSection(ExtensibilityGlobals) = postSolution
		SolutionGuid = {CDCD6950-4276-4CEE-A878-521BF1A8AB15}
	EndGlobalSection
EndGlobal
